
Microsoft Visual Studio Solution File, Format Version 12.00
# Visual Studio Version 17
VisualStudioVersion = 17.6.33829.357
MinimumVisualStudioVersion = 10.0.40219.1
Project("{FAE04EC0-301F-11D3-BF4B-00C04F79EFBC}") = "Konsolnick10", "Konsolnick10\Konsolnick10.csproj", "{D4829E23-20E1-4A66-877F-92D9BCC9ADDE}"
EndProject
Global
	GlobalSection(SolutionConfigurationPlatforms) = preSolution
		Debug|Any CPU = Debug|Any CPU
		Release|Any CPU = Release|Any CPU
	EndGlobalSection
	GlobalSection(ProjectConfigurationPlatforms) = postSolution
		{D4829E23-20E1-4A66-877F-92D9BCC9ADDE}.Debug|Any CPU.ActiveCfg = Debug|Any CPU
		{D4829E23-20E1-4A66-877F-92D9BCC9ADDE}.Debug|Any CPU.Build.0 = Debug|Any CPU
		{D4829E23-20E1-4A66-877F-92D9BCC9ADDE}.Release|Any CPU.ActiveCfg = Release|Any CPU
		{D4829E23-20E1-4A66-877F-92D9BCC9ADDE}.Release|Any CPU.Build.0 = Release|Any CPU
	EndGlobalSection
	GlobalSection(SolutionProperties) = preSolution
		HideSolutionNode = FALSE
	EndGlobalSection
	GlobalSection(ExtensibilityGlobals) = postSolution
		SolutionGuid = {67A577BA-5FBB-4849-A841-51FF60BDA749}
	EndGlobalSection
EndGlobal
